PODS:
  - Masonry (1.1.0)
  - WXQCategory (0.1.2):
    - Masonry

DEPENDENCIES:
  - WXQCategory (from `../`)

SPEC REPOS:
  trunk:
    - Masonry

EXTERNAL SOURCES:
  WXQCategory:
    :path: "../"

SPEC CHECKSUMS:
  Masonry: 678fab65091a9290e40e2832a55e7ab731aad201
  WXQCategory: 7d3bd93b65805cdb7084ffdb415d111c9c0cac47

PODFILE CHECKSUM: 0dbe6fdaaecd37c83cfed087dbaf9094ee9aefae

COCOAPODS: 1.12.0
